
Microsoft Visual Studio Solution File, Format Version 12.00
# Visual Studio Version 16
VisualStudioVersion = 16.0.31515.178
MinimumVisualStudioVersion = 10.0.40219.1
Project("{FAE04EC0-301F-11D3-BF4B-00C04F79EFBC}") = "Ejercicio_4", "Ejercicio_4\Ejercicio_4.csproj", "{B738AF13-0FDD-4DED-874B-E6303F3050C1}"
EndProject
Global
	GlobalSection(SolutionConfigurationPlatforms) = preSolution
		Debug|Any CPU = Debug|Any CPU
		Release|Any CPU = Release|Any CPU
	EndGlobalSection
	GlobalSection(ProjectConfigurationPlatforms) = postSolution
		{B738AF13-0FDD-4DED-874B-E6303F3050C1}.Debug|Any CPU.ActiveCfg = Debug|Any CPU
		{B738AF13-0FDD-4DED-874B-E6303F3050C1}.Debug|Any CPU.Build.0 = Debug|Any CPU
		{B738AF13-0FDD-4DED-874B-E6303F3050C1}.Release|Any CPU.ActiveCfg = Release|Any CPU
		{B738AF13-0FDD-4DED-874B-E6303F3050C1}.Release|Any CPU.Build.0 = Release|Any CPU
	EndGlobalSection
	GlobalSection(SolutionProperties) = preSolution
		HideSolutionNode = FALSE
	EndGlobalSection
	GlobalSection(ExtensibilityGlobals) = postSolution
		SolutionGuid = {3B2FCE5B-9803-4592-B28A-CE37D9F94957}
	EndGlobalSection
EndGlobal
